
Microsoft Visual Studio Solution File, Format Version 12.00
# Visual Studio Version 17
VisualStudioVersion = 17.7.34009.444
MinimumVisualStudioVersion = 10.0.40219.1
Project("{FAE04EC0-301F-11D3-BF4B-00C04F79EFBC}") = "TaskManagementService", "TaskManagementService\TaskManagementService.csproj", "{F893CCB3-0092-4184-9230-9CB5D9D8E34C}"
EndProject
Global
	GlobalSection(SolutionConfigurationPlatforms) = preSolution
		Debug|Any CPU = Debug|Any CPU
		Release|Any CPU = Release|Any CPU
	EndGlobalSection
	GlobalSection(ProjectConfigurationPlatforms) = postSolution
		{F893CCB3-0092-4184-9230-9CB5D9D8E34C}.Debug|Any CPU.ActiveCfg = Debug|Any CPU
		{F893CCB3-0092-4184-9230-9CB5D9D8E34C}.Debug|Any CPU.Build.0 = Debug|Any CPU
		{F893CCB3-0092-4184-9230-9CB5D9D8E34C}.Release|Any CPU.ActiveCfg = Release|Any CPU
		{F893CCB3-0092-4184-9230-9CB5D9D8E34C}.Release|Any CPU.Build.0 = Release|Any CPU
	EndGlobalSection
	GlobalSection(SolutionProperties) = preSolution
		HideSolutionNode = FALSE
	EndGlobalSection
	GlobalSection(ExtensibilityGlobals) = postSolution
		SolutionGuid = {60D459AD-0C5C-4C6C-9C06-90088053D1A0}
	EndGlobalSection
EndGlobal
